
Microsoft Visual Studio Solution File, Format Version 12.00
# Visual Studio Version 17
VisualStudioVersion = 17.5.33516.290
MinimumVisualStudioVersion = 10.0.40219.1
Project("{888888A0-9F3D-457C-B088-3A5042F75D52}") = "Project front_end", "Project front_end\Project front_end.pyproj", "{68311094-DFE5-4C97-A5B3-1ADC00086899}"
EndProject
Global
	GlobalSection(SolutionConfigurationPlatforms) = preSolution
		Debug|Any CPU = Debug|Any CPU
		Release|Any CPU = Release|Any CPU
	EndGlobalSection
	GlobalSection(ProjectConfigurationPlatforms) = postSolution
		{68311094-DFE5-4C97-A5B3-1ADC00086899}.Debug|Any CPU.ActiveCfg = Debug|Any CPU
		{68311094-DFE5-4C97-A5B3-1ADC00086899}.Release|Any CPU.ActiveCfg = Release|Any CPU
	EndGlobalSection
	GlobalSection(SolutionProperties) = preSolution
		HideSolutionNode = FALSE
	EndGlobalSection
	GlobalSection(ExtensibilityGlobals) = postSolution
		SolutionGuid = {C6D1F7B7-E89E-483B-BF7D-E1BA29A17FC8}
	EndGlobalSection
EndGlobal
